
Microsoft Visual Studio Solution File, Format Version 12.00
# Visual Studio Version 16
VisualStudioVersion = 16.0.29230.47
MinimumVisualStudioVersion = 10.0.40219.1
Project("{FAE04EC0-301F-11D3-BF4B-00C04F79EFBC}") = "lab14_1", "lab14_1\lab14_1.csproj", "{F2F56895-CBA3-4F01-AE01-9383A86459D0}"
EndProject
Project("{FAE04EC0-301F-11D3-BF4B-00C04F79EFBC}") = "lab14_2", "lab14_2\lab14_2.csproj", "{047B57F8-55AB-4415-9554-1C92E08109B5}"
EndProject
Project("{FAE04EC0-301F-11D3-BF4B-00C04F79EFBC}") = "lab14_3", "lab14_3\lab14_3.csproj", "{64895A39-0CBE-45D9-B832-7CE42740DDFC}"
EndProject
Project("{FAE04EC0-301F-11D3-BF4B-00C04F79EFBC}") = "lab14_4", "lab14_4\lab14_4.csproj", "{537FEF7F-4CB7-4013-BA77-9E6259196178}"
EndProject
Project("{FAE04EC0-301F-11D3-BF4B-00C04F79EFBC}") = "lab14_5", "lab14_5\lab14_5.csproj", "{F838D15D-4FFB-45E0-B0AD-6C36B67BDC8E}"
EndProject
Global
	GlobalSection(SolutionConfigurationPlatforms) = preSolution
		Debug|Any CPU = Debug|Any CPU
		Release|Any CPU = Release|Any CPU
	EndGlobalSection
	GlobalSection(ProjectConfigurationPlatforms) = postSolution
		{F2F56895-CBA3-4F01-AE01-9383A86459D0}.Debug|Any CPU.ActiveCfg = Debug|Any CPU
		{F2F56895-CBA3-4F01-AE01-9383A86459D0}.Debug|Any CPU.Build.0 = Debug|Any CPU
		{F2F56895-CBA3-4F01-AE01-9383A86459D0}.Release|Any CPU.ActiveCfg = Release|Any CPU
		{F2F56895-CBA3-4F01-AE01-9383A86459D0}.Release|Any CPU.Build.0 = Release|Any CPU
		{047B57F8-55AB-4415-9554-1C92E08109B5}.Debug|Any CPU.ActiveCfg = Debug|Any CPU
		{047B57F8-55AB-4415-9554-1C92E08109B5}.Debug|Any CPU.Build.0 = Debug|Any CPU
		{047B57F8-55AB-4415-9554-1C92E08109B5}.Release|Any CPU.ActiveCfg = Release|Any CPU
		{047B57F8-55AB-4415-9554-1C92E08109B5}.Release|Any CPU.Build.0 = Release|Any CPU
		{64895A39-0CBE-45D9-B832-7CE42740DDFC}.Debug|Any CPU.ActiveCfg = Debug|Any CPU
		{64895A39-0CBE-45D9-B832-7CE42740DDFC}.Debug|Any CPU.Build.0 = Debug|Any CPU
		{64895A39-0CBE-45D9-B832-7CE42740DDFC}.Release|Any CPU.ActiveCfg = Release|Any CPU
		{64895A39-0CBE-45D9-B832-7CE42740DDFC}.Release|Any CPU.Build.0 = Release|Any CPU
		{537FEF7F-4CB7-4013-BA77-9E6259196178}.Debug|Any CPU.ActiveCfg = Debug|Any CPU
		{537FEF7F-4CB7-4013-BA77-9E6259196178}.Debug|Any CPU.Build.0 = Debug|Any CPU
		{537FEF7F-4CB7-4013-BA77-9E6259196178}.Release|Any CPU.ActiveCfg = Release|Any CPU
		{537FEF7F-4CB7-4013-BA77-9E6259196178}.Release|Any CPU.Build.0 = Release|Any CPU
		{F838D15D-4FFB-45E0-B0AD-6C36B67BDC8E}.Debug|Any CPU.ActiveCfg = Debug|Any CPU
		{F838D15D-4FFB-45E0-B0AD-6C36B67BDC8E}.Debug|Any CPU.Build.0 = Debug|Any CPU
		{F838D15D-4FFB-45E0-B0AD-6C36B67BDC8E}.Release|Any CPU.ActiveCfg = Release|Any CPU
		{F838D15D-4FFB-45E0-B0AD-6C36B67BDC8E}.Release|Any CPU.Build.0 = Release|Any CPU
	EndGlobalSection
	GlobalSection(SolutionProperties) = preSolution
		HideSolutionNode = FALSE
	EndGlobalSection
	GlobalSection(ExtensibilityGlobals) = postSolution
		SolutionGuid = {28524B3E-6879-450A-9966-99759AED705C}
	EndGlobalSection
EndGlobal
